
Microsoft Visual Studio Solution File, Format Version 12.00
# Visual Studio Version 17
VisualStudioVersion = 17.1.32210.238
MinimumVisualStudioVersion = 10.0.40219.1
Project("{FAE04EC0-301F-11D3-BF4B-00C04F79EFBC}") = "BlazorDev.Autentica.Server", "BlazorDev.Autentica\Server\BlazorDev.Autentica.Server.csproj", "{0DA4F456-FC28-4536-B5D8-BF3861107B5A}"
EndProject
Project("{FAE04EC0-301F-11D3-BF4B-00C04F79EFBC}") = "BlazorDev.Autentica.Client", "BlazorDev.Autentica\Client\BlazorDev.Autentica.Client.csproj", "{5FAA092C-6D04-41AA-AAD0-EA6C9C1E2A6E}"
EndProject
Project("{FAE04EC0-301F-11D3-BF4B-00C04F79EFBC}") = "BlazorDev.Autentica.Shared", "BlazorDev.Autentica\Shared\BlazorDev.Autentica.Shared.csproj", "{D32944E5-F0D1-4885-BE1D-7362F08F7B68}"
EndProject
Project("{FAE04EC0-301F-11D3-BF4B-00C04F79EFBC}") = "BlazorDev.Autentica.Models", "BlazorDev.Autentica.Models\BlazorDev.Autentica.Models.csproj", "{B0F3F8ED-62C0-44BE-A633-E1CBA10D49AF}"
EndProject
Global
	GlobalSection(SolutionConfigurationPlatforms) = preSolution
		Debug|Any CPU = Debug|Any CPU
		Release|Any CPU = Release|Any CPU
	EndGlobalSection
	GlobalSection(ProjectConfigurationPlatforms) = postSolution
		{0DA4F456-FC28-4536-B5D8-BF3861107B5A}.Debug|Any CPU.ActiveCfg = Debug|Any CPU
		{0DA4F456-FC28-4536-B5D8-BF3861107B5A}.Debug|Any CPU.Build.0 = Debug|Any CPU
		{0DA4F456-FC28-4536-B5D8-BF3861107B5A}.Release|Any CPU.ActiveCfg = Release|Any CPU
		{0DA4F456-FC28-4536-B5D8-BF3861107B5A}.Release|Any CPU.Build.0 = Release|Any CPU
		{5FAA092C-6D04-41AA-AAD0-EA6C9C1E2A6E}.Debug|Any CPU.ActiveCfg = Debug|Any CPU
		{5FAA092C-6D04-41AA-AAD0-EA6C9C1E2A6E}.Debug|Any CPU.Build.0 = Debug|Any CPU
		{5FAA092C-6D04-41AA-AAD0-EA6C9C1E2A6E}.Release|Any CPU.ActiveCfg = Release|Any CPU
		{5FAA092C-6D04-41AA-AAD0-EA6C9C1E2A6E}.Release|Any CPU.Build.0 = Release|Any CPU
		{D32944E5-F0D1-4885-BE1D-7362F08F7B68}.Debug|Any CPU.ActiveCfg = Debug|Any CPU
		{D32944E5-F0D1-4885-BE1D-7362F08F7B68}.Debug|Any CPU.Build.0 = Debug|Any CPU
		{D32944E5-F0D1-4885-BE1D-7362F08F7B68}.Release|Any CPU.ActiveCfg = Release|Any CPU
		{D32944E5-F0D1-4885-BE1D-7362F08F7B68}.Release|Any CPU.Build.0 = Release|Any CPU
		{B0F3F8ED-62C0-44BE-A633-E1CBA10D49AF}.Debug|Any CPU.ActiveCfg = Debug|Any CPU
		{B0F3F8ED-62C0-44BE-A633-E1CBA10D49AF}.Debug|Any CPU.Build.0 = Debug|Any CPU
		{B0F3F8ED-62C0-44BE-A633-E1CBA10D49AF}.Release|Any CPU.ActiveCfg = Release|Any CPU
		{B0F3F8ED-62C0-44BE-A633-E1CBA10D49AF}.Release|Any CPU.Build.0 = Release|Any CPU
	EndGlobalSection
	GlobalSection(SolutionProperties) = preSolution
		HideSolutionNode = FALSE
	EndGlobalSection
	GlobalSection(ExtensibilityGlobals) = postSolution
		SolutionGuid = {8BF3406D-4673-4220-B11D-A69BCEE90A07}
	EndGlobalSection
EndGlobal
